// !$*UTF8*$!
{
	archiveVersion = 1;
	classes = {
	};
	objectVersion = 56;
	objects = {

/* Begin PBXBuildFile section */
		048A20442D266B57003C1D26 /* AppDelegate.swift in Sources */ = {isa = PBXBuildFile; fileRef = 048A20432D266B57003C1D26 /* AppDelegate.swift */; };
		048A20462D266B57003C1D26 /* SceneDelegate.swift in Sources */ = {isa = PBXBuildFile; fileRef = 048A20452D266B57003C1D26 /* SceneDelegate.swift */; };
		048A204D2D266B5A003C1D26 /* Assets.xcassets in Resources */ = {isa = PBXBuildFile; fileRef = 048A204C2D266B5A003C1D26 /* Assets.xcassets */; };
		048A20502D266B5A003C1D26 /* LaunchScreen.storyboard in Resources */ = {isa = PBXBuildFile; fileRef = 048A204E2D266B5A003C1D26 /* LaunchScreen.storyboard */; };
		048A205E2D2674EF003C1D26 /* RMCharecter.swift in Sources */ = {isa = PBXBuildFile; fileRef = 048A205D2D2674EF003C1D26 /* RMCharecter.swift */; };
		048A20672D2680B2003C1D26 /* Extensions.swift in Sources */ = {isa = PBXBuildFile; fileRef = 048A20662D2680B2003C1D26 /* Extensions.swift */; };
		048A206A2D27E998003C1D26 /* RMTabViewConroller.swift in Sources */ = {isa = PBXBuildFile; fileRef = 048A20692D27E998003C1D26 /* RMTabViewConroller.swift */; };
		048A206F2D27EAA8003C1D26 /* RMCharactersViewController.swift in Sources */ = {isa = PBXBuildFile; fileRef = 048A206E2D27EAA8003C1D26 /* RMCharactersViewController.swift */; };
		048A20752D280A17003C1D26 /* RMService.swift in Sources */ = {isa = PBXBuildFile; fileRef = 048A20742D280A17003C1D26 /* RMService.swift */; };
		048A20772D280A2E003C1D26 /* RMRequest.swift in Sources */ = {isa = PBXBuildFile; fileRef = 048A20762D280A2E003C1D26 /* RMRequest.swift */; };
		048A20792D280AFF003C1D26 /* RMEndPoint .swift in Sources */ = {isa = PBXBuildFile; fileRef = 048A20782D280AFF003C1D26 /* RMEndPoint .swift */; };
		04C3BFF02D28F01A00BB5E2E /* RMOrigin.swift in Sources */ = {isa = PBXBuildFile; fileRef = 04C3BFEF2D28F01A00BB5E2E /* RMOrigin.swift */; };
		04C3BFF22D28F02E00BB5E2E /* RMCharacterGender.swift in Sources */ = {isa = PBXBuildFile; fileRef = 04C3BFF12D28F02E00BB5E2E /* RMCharacterGender.swift */; };
		04C3BFF42D28F06500BB5E2E /* RMCharacterStatus.swift in Sources */ = {isa = PBXBuildFile; fileRef = 04C3BFF32D28F06500BB5E2E /* RMCharacterStatus.swift */; };
		04C3BFF62D28F08200BB5E2E /* RMSingleLocation.swift in Sources */ = {isa = PBXBuildFile; fileRef = 04C3BFF52D28F08200BB5E2E /* RMSingleLocation.swift */; };
		04C3BFF82D28F12D00BB5E2E /* RMLocation.swift in Sources */ = {isa = PBXBuildFile; fileRef = 04C3BFF72D28F12D00BB5E2E /* RMLocation.swift */; };
		04C3BFFA2D28F16700BB5E2E /* RMEpisode.swift in Sources */ = {isa = PBXBuildFile; fileRef = 04C3BFF92D28F16700BB5E2E /* RMEpisode.swift */; };
/* End PBXBuildFile section */

/* Begin PBXFileReference section */
		048A20402D266B57003C1D26 /* rickAndMorti.app */ = {isa = PBXFileReference; explicitFileType = wrapper.application; includeInIndex = 0; path = rickAndMorti.app; sourceTree = BUILT_PRODUCTS_DIR; };
		048A20432D266B57003C1D26 /* AppDelegate.swift */ = {isa = PBXFileReference; lastKnownFileType = sourcecode.swift; path = AppDelegate.swift; sourceTree = "<group>"; };
		048A20452D266B57003C1D26 /* SceneDelegate.swift */ = {isa = PBXFileReference; lastKnownFileType = sourcecode.swift; path = SceneDelegate.swift; sourceTree = "<group>"; };
		048A204C2D266B5A003C1D26 /* Assets.xcassets */ = {isa = PBXFileReference; lastKnownFileType = folder.assetcatalog; path = Assets.xcassets; sourceTree = "<group>"; };
		048A204F2D266B5A003C1D26 /* Base */ = {isa = PBXFileReference; lastKnownFileType = file.storyboard; name = Base; path = Base.lproj/LaunchScreen.storyboard; sourceTree = "<group>"; };
		048A20512D266B5A003C1D26 /* Info.plist */ = {isa = PBXFileReference; lastKnownFileType = text.plist.xml; path = Info.plist; sourceTree = "<group>"; };
		048A205D2D2674EF003C1D26 /* RMCharecter.swift */ = {isa = PBXFileReference; lastKnownFileType = sourcecode.swift; path = RMCharecter.swift; sourceTree = "<group>"; };
		048A20662D2680B2003C1D26 /* Extensions.swift */ = {isa = PBXFileReference; lastKnownFileType = sourcecode.swift; path = Extensions.swift; sourceTree = "<group>"; };
		048A20692D27E998003C1D26 /* RMTabViewConroller.swift */ = {isa = PBXFileReference; lastKnownFileType = sourcecode.swift; path = RMTabViewConroller.swift; sourceTree = "<group>"; };
		048A206E2D27EAA8003C1D26 /* RMCharactersViewController.swift */ = {isa = PBXFileReference; lastKnownFileType = sourcecode.swift; path = RMCharactersViewController.swift; sourceTree = "<group>"; };
		048A20742D280A17003C1D26 /* RMService.swift */ = {isa = PBXFileReference; lastKnownFileType = sourcecode.swift; path = RMService.swift; sourceTree = "<group>"; };
		048A20762D280A2E003C1D26 /* RMRequest.swift */ = {isa = PBXFileReference; lastKnownFileType = sourcecode.swift; path = RMRequest.swift; sourceTree = "<group>"; };
		048A20782D280AFF003C1D26 /* RMEndPoint .swift */ = {isa = PBXFileReference; lastKnownFileType = sourcecode.swift; path = "RMEndPoint .swift"; sourceTree = "<group>"; };
		04C3BFEF2D28F01A00BB5E2E /* RMOrigin.swift */ = {isa = PBXFileReference; lastKnownFileType = sourcecode.swift; path = RMOrigin.swift; sourceTree = "<group>"; };
		04C3BFF12D28F02E00BB5E2E /* RMCharacterGender.swift */ = {isa = PBXFileReference; lastKnownFileType = sourcecode.swift; path = RMCharacterGender.swift; sourceTree = "<group>"; };
		04C3BFF32D28F06500BB5E2E /* RMCharacterStatus.swift */ = {isa = PBXFileReference; lastKnownFileType = sourcecode.swift; path = RMCharacterStatus.swift; sourceTree = "<group>"; };
		04C3BFF52D28F08200BB5E2E /* RMSingleLocation.swift */ = {isa = PBXFileReference; lastKnownFileType = sourcecode.swift; path = RMSingleLocation.swift; sourceTree = "<group>"; };
		04C3BFF72D28F12D00BB5E2E /* RMLocation.swift */ = {isa = PBXFileReference; lastKnownFileType = sourcecode.swift; path = RMLocation.swift; sourceTree = "<group>"; };
		04C3BFF92D28F16700BB5E2E /* RMEpisode.swift */ = {isa = PBXFileReference; lastKnownFileType = sourcecode.swift; path = RMEpisode.swift; sourceTree = "<group>"; };
/* End PBXFileReference section */

/* Begin PBXFrameworksBuildPhase section */
		048A203D2D266B57003C1D26 /* Frameworks */ = {
			isa = PBXFrameworksBuildPhase;
			buildActionMask = 2147483647;
			files = (
			);
			runOnlyForDeploymentPostprocessing = 0;
		};
/* End PBXFrameworksBuildPhase section */

/* Begin PBXGroup section */
		048A20372D266B57003C1D26 = {
			isa = PBXGroup;
			children = (
				048A20422D266B57003C1D26 /* rickAndMorti */,
				048A20412D266B57003C1D26 /* Products */,
			);
			sourceTree = "<group>";
		};
		048A20412D266B57003C1D26 /* Products */ = {
			isa = PBXGroup;
			children = (
				048A20402D266B57003C1D26 /* rickAndMorti.app */,
			);
			name = Products;
			sourceTree = "<group>";
		};
		048A20422D266B57003C1D26 /* rickAndMorti */ = {
			isa = PBXGroup;
			children = (
				048A20572D266EDF003C1D26 /* APIClient */,
				048A20582D266EE8003C1D26 /* Controllers */,
				048A20592D266F06003C1D26 /* Models */,
				048A205A2D266F0F003C1D26 /* Resources */,
				048A205B2D266F9B003C1D26 /* ViewModels */,
				048A205C2D266FA2003C1D26 /* Views */,
			);
			path = rickAndMorti;
			sourceTree = "<group>";
		};
		048A20572D266EDF003C1D26 /* APIClient */ = {
			isa = PBXGroup;
			children = (
				048A20742D280A17003C1D26 /* RMService.swift */,
				048A20762D280A2E003C1D26 /* RMRequest.swift */,
				048A20782D280AFF003C1D26 /* RMEndPoint .swift */,
			);
			path = APIClient;
			sourceTree = "<group>";
		};
		048A20582D266EE8003C1D26 /* Controllers */ = {
			isa = PBXGroup;
			children = (
				048A206B2D27E9C9003C1D26 /* Core */,
			);
			path = Controllers;
			sourceTree = "<group>";
		};
		048A20592D266F06003C1D26 /* Models */ = {
			isa = PBXGroup;
			children = (
				048A205D2D2674EF003C1D26 /* RMCharecter.swift */,
				04C3BFEF2D28F01A00BB5E2E /* RMOrigin.swift */,
				04C3BFF12D28F02E00BB5E2E /* RMCharacterGender.swift */,
				04C3BFF32D28F06500BB5E2E /* RMCharacterStatus.swift */,
				04C3BFF52D28F08200BB5E2E /* RMSingleLocation.swift */,
				04C3BFF72D28F12D00BB5E2E /* RMLocation.swift */,
				04C3BFF92D28F16700BB5E2E /* RMEpisode.swift */,
			);
			path = Models;
			sourceTree = "<group>";
		};
		048A205A2D266F0F003C1D26 /* Resources */ = {
			isa = PBXGroup;
			children = (
				048A204C2D266B5A003C1D26 /* Assets.xcassets */,
				048A204E2D266B5A003C1D26 /* LaunchScreen.storyboard */,
				048A20512D266B5A003C1D26 /* Info.plist */,
				048A20432D266B57003C1D26 /* AppDelegate.swift */,
				048A20452D266B57003C1D26 /* SceneDelegate.swift */,
				048A20662D2680B2003C1D26 /* Extensions.swift */,
			);
			path = Resources;
			sourceTree = "<group>";
		};
		048A205B2D266F9B003C1D26 /* ViewModels */ = {
			isa = PBXGroup;
			children = (
				048A20632D268051003C1D26 /* Characters */,
			);
			path = ViewModels;
			sourceTree = "<group>";
		};
		048A205C2D266FA2003C1D26 /* Views */ = {
			isa = PBXGroup;
			children = (
			);
			path = Views;
			sourceTree = "<group>";
		};
		048A20632D268051003C1D26 /* Characters */ = {
			isa = PBXGroup;
			children = (
			);
			path = Characters;
			sourceTree = "<group>";
		};
		048A206B2D27E9C9003C1D26 /* Core */ = {
			isa = PBXGroup;
			children = (
				048A20692D27E998003C1D26 /* RMTabViewConroller.swift */,
				048A206E2D27EAA8003C1D26 /* RMCharactersViewController.swift */,
			);
			path = Core;
			sourceTree = "<group>";
		};
/* End PBXGroup section */

/* Begin PBXNativeTarget section */
		048A203F2D266B57003C1D26 /* rickAndMorti */ = {
			isa = PBXNativeTarget;
			buildConfigurationList = 048A20542D266B5A003C1D26 /* Build configuration list for PBXNativeTarget "rickAndMorti" */;
			buildPhases = (
				048A203C2D266B57003C1D26 /* Sources */,
				048A203D2D266B57003C1D26 /* Frameworks */,
				048A203E2D266B57003C1D26 /* Resources */,
			);
			buildRules = (
			);
			dependencies = (
			);
			name = rickAndMorti;
			productName = rickAndMorti;
			productReference = 048A20402D266B57003C1D26 /* rickAndMorti.app */;
			productType = "com.apple.product-type.application";
		};
/* End PBXNativeTarget section */

/* Begin PBXProject section */
		048A20382D266B57003C1D26 /* Project object */ = {
			isa = PBXProject;
			attributes = {
				BuildIndependentTargetsInParallel = 1;
				LastSwiftUpdateCheck = 1520;
				LastUpgradeCheck = 1520;
				TargetAttributes = {
					048A203F2D266B57003C1D26 = {
						CreatedOnToolsVersion = 15.2;
					};
				};
			};
			buildConfigurationList = 048A203B2D266B57003C1D26 /* Build configuration list for PBXProject "rickAndMorti" */;
			compatibilityVersion = "Xcode 14.0";
			developmentRegion = en;
			hasScannedForEncodings = 0;
			knownRegions = (
				en,
				Base,
			);
			mainGroup = 048A20372D266B57003C1D26;
			productRefGroup = 048A20412D266B57003C1D26 /* Products */;
			projectDirPath = "";
			projectRoot = "";
			targets = (
				048A203F2D266B57003C1D26 /* rickAndMorti */,
			);
		};
/* End PBXProject section */

/* Begin PBXResourcesBuildPhase section */
		048A203E2D266B57003C1D26 /* Resources */ = {
			isa = PBXResourcesBuildPhase;
			buildActionMask = 2147483647;
			files = (
				048A20502D266B5A003C1D26 /* LaunchScreen.storyboard in Resources */,
				048A204D2D266B5A003C1D26 /* Assets.xcassets in Resources */,
			);
			runOnlyForDeploymentPostprocessing = 0;
		};
/* End PBXResourcesBuildPhase section */

/* Begin PBXSourcesBuildPhase section */
		048A203C2D266B57003C1D26 /* Sources */ = {
			isa = PBXSourcesBuildPhase;
			buildActionMask = 2147483647;
			files = (
				048A20752D280A17003C1D26 /* RMService.swift in Sources */,
				048A205E2D2674EF003C1D26 /* RMCharecter.swift in Sources */,
				048A20442D266B57003C1D26 /* AppDelegate.swift in Sources */,
				04C3BFF82D28F12D00BB5E2E /* RMLocation.swift in Sources */,
				04C3BFF22D28F02E00BB5E2E /* RMCharacterGender.swift in Sources */,
				048A20462D266B57003C1D26 /* SceneDelegate.swift in Sources */,
				04C3BFF42D28F06500BB5E2E /* RMCharacterStatus.swift in Sources */,
				048A20792D280AFF003C1D26 /* RMEndPoint .swift in Sources */,
				04C3BFF02D28F01A00BB5E2E /* RMOrigin.swift in Sources */,
				048A206F2D27EAA8003C1D26 /* RMCharactersViewController.swift in Sources */,
				048A206A2D27E998003C1D26 /* RMTabViewConroller.swift in Sources */,
				04C3BFF62D28F08200BB5E2E /* RMSingleLocation.swift in Sources */,
				04C3BFFA2D28F16700BB5E2E /* RMEpisode.swift in Sources */,
				048A20772D280A2E003C1D26 /* RMRequest.swift in Sources */,
				048A20672D2680B2003C1D26 /* Extensions.swift in Sources */,
			);
			runOnlyForDeploymentPostprocessing = 0;
		};
/* End PBXSourcesBuildPhase section */

/* Begin PBXVariantGroup section */
		048A204E2D266B5A003C1D26 /* LaunchScreen.storyboard */ = {
			isa = PBXVariantGroup;
			children = (
				048A204F2D266B5A003C1D26 /* Base */,
			);
			name = LaunchScreen.storyboard;
			sourceTree = "<group>";
		};
/* End PBXVariantGroup section */

/* Begin XCBuildConfiguration section */
		048A20522D266B5A003C1D26 /* Debug */ = {
			isa = XCBuildConfiguration;
			buildSettings = {
				ALWAYS_SEARCH_USER_PATHS = NO;
				ASSETCATALOG_COMPILER_GENERATE_SWIFT_ASSET_SYMBOL_EXTENSIONS = YES;
				CLANG_ANALYZER_NONNULL = YES;
				CLANG_ANALYZER_NUMBER_OBJECT_CONVERSION = YES_AGGRESSIVE;
				CLANG_CXX_LANGUAGE_STANDARD = "gnu++20";
				CLANG_ENABLE_MODULES = YES;
				CLANG_ENABLE_OBJC_ARC = YES;
				CLANG_ENABLE_OBJC_WEAK = YES;
				CLANG_WARN_BLOCK_CAPTURE_AUTORELEASING = YES;
				CLANG_WARN_BOOL_CONVERSION = YES;
				CLANG_WARN_COMMA = YES;
				CLANG_WARN_CONSTANT_CONVERSION = YES;
				CLANG_WARN_DEPRECATED_OBJC_IMPLEMENTATIONS = YES;
				CLANG_WARN_DIRECT_OBJC_ISA_USAGE = YES_ERROR;
				CLANG_WARN_DOCUMENTATION_COMMENTS = YES;
				CLANG_WARN_EMPTY_BODY = YES;
				CLANG_WARN_ENUM_CONVERSION = YES;
				CLANG_WARN_INFINITE_RECURSION = YES;
				CLANG_WARN_INT_CONVERSION = YES;
				CLANG_WARN_NON_LITERAL_NULL_CONVERSION = YES;
				CLANG_WARN_OBJC_IMPLICIT_RETAIN_SELF = YES;
				CLANG_WARN_OBJC_LITERAL_CONVERSION = YES;
				CLANG_WARN_OBJC_ROOT_CLASS = YES_ERROR;
				CLANG_WARN_QUOTED_INCLUDE_IN_FRAMEWORK_HEADER = YES;
				CLANG_WARN_RANGE_LOOP_ANALYSIS = YES;
				CLANG_WARN_STRICT_PROTOTYPES = YES;
				CLANG_WARN_SUSPICIOUS_MOVE = YES;
				CLANG_WARN_UNGUARDED_AVAILABILITY = YES_AGGRESSIVE;
				CLANG_WARN_UNREACHABLE_CODE = YES;
				CLANG_WARN__DUPLICATE_METHOD_MATCH = YES;
				COPY_PHASE_STRIP = NO;
				DEBUG_INFORMATION_FORMAT = dwarf;
				ENABLE_STRICT_OBJC_MSGSEND = YES;
				ENABLE_TESTABILITY = YES;
				ENABLE_USER_SCRIPT_SANDBOXING = YES;
				GCC_C_LANGUAGE_STANDARD = gnu17;
				GCC_DYNAMIC_NO_PIC = NO;
				GCC_NO_COMMON_BLOCKS = YES;
				GCC_OPTIMIZATION_LEVEL = 0;
				GCC_PREPROCESSOR_DEFINITIONS = (
					"DEBUG=1",
					"$(inherited)",
				);
				GCC_WARN_64_TO_32_BIT_CONVERSION = YES;
				GCC_WARN_ABOUT_RETURN_TYPE = YES_ERROR;
				GCC_WARN_UNDECLARED_SELECTOR = YES;
				GCC_WARN_UNINITIALIZED_AUTOS = YES_AGGRESSIVE;
				GCC_WARN_UNUSED_FUNCTION = YES;
				GCC_WARN_UNUSED_VARIABLE = YES;
				IPHONEOS_DEPLOYMENT_TARGET = 17.2;
				LOCALIZATION_PREFERS_STRING_CATALOGS = YES;
				MTL_ENABLE_DEBUG_INFO = INCLUDE_SOURCE;
				MTL_FAST_MATH = YES;
				ONLY_ACTIVE_ARCH = YES;
				SDKROOT = iphoneos;
				SWIFT_ACTIVE_COMPILATION_CONDITIONS = "DEBUG $(inherited)";
				SWIFT_OPTIMIZATION_LEVEL = "-Onone";
			};
			name = Debug;
		};
		048A20532D266B5A003C1D26 /* Release */ = {
			isa = XCBuildConfiguration;
			buildSettings = {
				ALWAYS_SEARCH_USER_PATHS = NO;
				ASSETCATALOG_COMPILER_GENERATE_SWIFT_ASSET_SYMBOL_EXTENSIONS = YES;
				CLANG_ANALYZER_NONNULL = YES;
				CLANG_ANALYZER_NUMBER_OBJECT_CONVERSION = YES_AGGRESSIVE;
				CLANG_CXX_LANGUAGE_STANDARD = "gnu++20";
				CLANG_ENABLE_MODULES = YES;
				CLANG_ENABLE_OBJC_ARC = YES;
				CLANG_ENABLE_OBJC_WEAK = YES;
				CLANG_WARN_BLOCK_CAPTURE_AUTORELEASING = YES;
				CLANG_WARN_BOOL_CONVERSION = YES;
				CLANG_WARN_COMMA = YES;
				CLANG_WARN_CONSTANT_CONVERSION = YES;
				CLANG_WARN_DEPRECATED_OBJC_IMPLEMENTATIONS = YES;
				CLANG_WARN_DIRECT_OBJC_ISA_USAGE = YES_ERROR;
				CLANG_WARN_DOCUMENTATION_COMMENTS = YES;
				CLANG_WARN_EMPTY_BODY = YES;
				CLANG_WARN_ENUM_CONVERSION = YES;
				CLANG_WARN_INFINITE_RECURSION = YES;
				CLANG_WARN_INT_CONVERSION = YES;
				CLANG_WARN_NON_LITERAL_NULL_CONVERSION = YES;
				CLANG_WARN_OBJC_IMPLICIT_RETAIN_SELF = YES;
				CLANG_WARN_OBJC_LITERAL_CONVERSION = YES;
				CLANG_WARN_OBJC_ROOT_CLASS = YES_ERROR;
				CLANG_WARN_QUOTED_INCLUDE_IN_FRAMEWORK_HEADER = YES;
				CLANG_WARN_RANGE_LOOP_ANALYSIS = YES;
				CLANG_WARN_STRICT_PROTOTYPES = YES;
				CLANG_WARN_SUSPICIOUS_MOVE = YES;
				CLANG_WARN_UNGUARDED_AVAILABILITY = YES_AGGRESSIVE;
				CLANG_WARN_UNREACHABLE_CODE = YES;
				CLANG_WARN__DUPLICATE_METHOD_MATCH = YES;
				COPY_PHASE_STRIP = NO;
				DEBUG_INFORMATION_FORMAT = "dwarf-with-dsym";
				ENABLE_NS_ASSERTIONS = NO;
				ENABLE_STRICT_OBJC_MSGSEND = YES;
				ENABLE_USER_SCRIPT_SANDBOXING = YES;
				GCC_C_LANGUAGE_STANDARD = gnu17;
				GCC_NO_COMMON_BLOCKS = YES;
				GCC_WARN_64_TO_32_BIT_CONVERSION = YES;
				GCC_WARN_ABOUT_RETURN_TYPE = YES_ERROR;
				GCC_WARN_UNDECLARED_SELECTOR = YES;
				GCC_WARN_UNINITIALIZED_AUTOS = YES_AGGRESSIVE;
				GCC_WARN_UNUSED_FUNCTION = YES;
				GCC_WARN_UNUSED_VARIABLE = YES;
				IPHONEOS_DEPLOYMENT_TARGET = 17.2;
				LOCALIZATION_PREFERS_STRING_CATALOGS = YES;
				MTL_ENABLE_DEBUG_INFO = NO;
				MTL_FAST_MATH = YES;
				SDKROOT = iphoneos;
				SWIFT_COMPILATION_MODE = wholemodule;
				VALIDATE_PRODUCT = YES;
			};
			name = Release;
		};
		048A20552D266B5A003C1D26 /* Debug */ = {
			isa = XCBuildConfiguration;
			buildSettings = {
				ASSETCATALOG_COMPILER_APPICON_NAME = AppIcon;
				ASSETCATALOG_COMPILER_GLOBAL_ACCENT_COLOR_NAME = AccentColor;
				CODE_SIGN_STYLE = Automatic;
				CURRENT_PROJECT_VERSION = 1;
				DEVELOPMENT_TEAM = 36CQX7KV2N;
				GENERATE_INFOPLIST_FILE = YES;
				INFOPLIST_FILE = rickAndMorti/Resources/Info.plist;
				INFOPLIST_KEY_UIApplicationSupportsIndirectInputEvents = YES;
				INFOPLIST_KEY_UILaunchStoryboardName = LaunchScreen;
				INFOPLIST_KEY_UISupportedInterfaceOrientations_iPad = "UIInterfaceOrientationPortrait UIInterfaceOrientationPortraitUpsideDown UIInterfaceOrientationLandscapeLeft UIInterfaceOrientationLandscapeRight";
				INFOPLIST_KEY_UISupportedInterfaceOrientations_iPhone = "UIInterfaceOrientationPortrait UIInterfaceOrientationLandscapeLeft UIInterfaceOrientationLandscapeRight";
				LD_RUNPATH_SEARCH_PATHS = (
					"$(inherited)",
					"@executable_path/Frameworks",
				);
				MARKETING_VERSION = 1.0;
				PRODUCT_BUNDLE_IDENTIFIER = mark2.rickAndMorti;
				PRODUCT_NAME = "$(TARGET_NAME)";
				SWIFT_EMIT_LOC_STRINGS = YES;
				SWIFT_VERSION = 5.0;
				TARGETED_DEVICE_FAMILY = "1,2";
			};
			name = Debug;
		};
		048A20562D266B5A003C1D26 /* Release */ = {
			isa = XCBuildConfiguration;
			buildSettings = {
				ASSETCATALOG_COMPILER_APPICON_NAME = AppIcon;
				ASSETCATALOG_COMPILER_GLOBAL_ACCENT_COLOR_NAME = AccentColor;
				CODE_SIGN_STYLE = Automatic;
				CURRENT_PROJECT_VERSION = 1;
				DEVELOPMENT_TEAM = 36CQX7KV2N;
				GENERATE_INFOPLIST_FILE = YES;
				INFOPLIST_FILE = rickAndMorti/Resources/Info.plist;
				INFOPLIST_KEY_UIApplicationSupportsIndirectInputEvents = YES;
				INFOPLIST_KEY_UILaunchStoryboardName = LaunchScreen;
				INFOPLIST_KEY_UISupportedInterfaceOrientations_iPad = "UIInterfaceOrientationPortrait UIInterfaceOrientationPortraitUpsideDown UIInterfaceOrientationLandscapeLeft UIInterfaceOrientationLandscapeRight";
				INFOPLIST_KEY_UISupportedInterfaceOrientations_iPhone = "UIInterfaceOrientationPortrait UIInterfaceOrientationLandscapeLeft UIInterfaceOrientationLandscapeRight";
				LD_RUNPATH_SEARCH_PATHS = (
					"$(inherited)",
					"@executable_path/Frameworks",
				);
				MARKETING_VERSION = 1.0;
				PRODUCT_BUNDLE_IDENTIFIER = mark2.rickAndMorti;
				PRODUCT_NAME = "$(TARGET_NAME)";
				SWIFT_EMIT_LOC_STRINGS = YES;
				SWIFT_VERSION = 5.0;
				TARGETED_DEVICE_FAMILY = "1,2";
			};
			name = Release;
		};
/* End XCBuildConfiguration section */

/* Begin XCConfigurationList section */
		048A203B2D266B57003C1D26 /* Build configuration list for PBXProject "rickAndMorti" */ = {
			isa = XCConfigurationList;
			buildConfigurations = (
				048A20522D266B5A003C1D26 /* Debug */,
				048A20532D266B5A003C1D26 /* Release */,
			);
			defaultConfigurationIsVisible = 0;
			defaultConfigurationName = Release;
		};
		048A20542D266B5A003C1D26 /* Build configuration list for PBXNativeTarget "rickAndMorti" */ = {
			isa = XCConfigurationList;
			buildConfigurations = (
				048A20552D266B5A003C1D26 /* Debug */,
				048A20562D266B5A003C1D26 /* Release */,
			);
			defaultConfigurationIsVisible = 0;
			defaultConfigurationName = Release;
		};
/* End XCConfigurationList section */
	};
	rootObject = 048A20382D266B57003C1D26 /* Project object */;
}
